
Microsoft Visual Studio Solution File, Format Version 12.00
# Visual Studio Version 17
VisualStudioVersion = 17.8.34601.278
MinimumVisualStudioVersion = 10.0.40219.1
Project("{FAE04EC0-301F-11D3-BF4B-00C04F79EFBC}") = "ClothingStoreWebAPI", "ClothingStoreWebAPI\ClothingStoreWebAPI.csproj", "{30BE1399-5B60-452B-81FB-894E8CACED6E}"
EndProject
Global
	GlobalSection(SolutionConfigurationPlatforms) = preSolution
		Debug|Any CPU = Debug|Any CPU
		Release|Any CPU = Release|Any CPU
	EndGlobalSection
	GlobalSection(ProjectConfigurationPlatforms) = postSolution
		{30BE1399-5B60-452B-81FB-894E8CACED6E}.Debug|Any CPU.ActiveCfg = Debug|Any CPU
		{30BE1399-5B60-452B-81FB-894E8CACED6E}.Debug|Any CPU.Build.0 = Debug|Any CPU
		{30BE1399-5B60-452B-81FB-894E8CACED6E}.Release|Any CPU.ActiveCfg = Release|Any CPU
		{30BE1399-5B60-452B-81FB-894E8CACED6E}.Release|Any CPU.Build.0 = Release|Any CPU
	EndGlobalSection
	GlobalSection(SolutionProperties) = preSolution
		HideSolutionNode = FALSE
	EndGlobalSection
	GlobalSection(ExtensibilityGlobals) = postSolution
		SolutionGuid = {D64C4E43-64A6-44DE-8E3F-C416BE565DBB}
	EndGlobalSection
EndGlobal
